{
  "name": "instagram",
  "lockfileVersion": 3,
  "requires": true,
  "packages": {
    "": {
      "dependencies": {
        "instagram-password-encryption": "^1.0.1"
      }
    },
    "node_modules/instagram-password-encryption": {
      "version": "1.0.1",
      "resolved": "https://registry.npmjs.org/instagram-password-encryption/-/instagram-password-encryption-1.0.1.tgz",
      "integrity": "sha512-Q3YyTueAnzst3lbtj40E9ogwhvItBDchJXZ5/ouGdg9tax0j+5ro7euEA4ugvs5hrGMiu0LW143SdCFKlieQxw==",
      "license": "ISC"
    }
  }
}
